# This file is autogenerated, do not edit; changes may be undone by the next 'dep ensure'.


[[projects]]
  name = "github.com/Sirupsen/logrus"
  packages = ["."]
  revision = "7eeb7b7cbdeb0a582a5b7a1512d91f956f1674aa"

[[projects]]
  branch = "master"
  name = "github.com/cenkalti/hub"
  packages = ["."]
  revision = "11382a9960d39b0ecda16fd01c424c11ff765a34"

[[projects]]
  branch = "master"
  name = "github.com/cenkalti/rpc2"
  packages = [
    ".",
    "jsonrpc"
  ]
  revision = "9642ea02d0aad04b8efb5e1a6bbc63daf8d0903d"

[[projects]]
  name = "github.com/konsorten/go-windows-terminal-sequences"
  packages = ["."]
  revision = "5c8c8bd35d3832f5d134ae1e1e375b69a4d25242"
  version = "v1.0.1"

[[projects]]
  branch = "master"
  name = "golang.org/x/crypto"
  packages = ["ssh/terminal"]
  revision = "4d3f4d9ffa16a13f451c3b2999e9c49e9750bf06"

[[projects]]
  name = "golang.org/x/sys"
  packages = [
    "unix",
    "windows"
  ]
  revision = "95c6576299259db960f6c5b9b69ea52422860fce"

[solve-meta]
  analyzer-name = "dep"
  analyzer-version = 1
  inputs-digest = "8e9a22b12d761ab81bd06aad0a649a2381afa2d1d7b2ba32ba4629760d16af6b"
  solver-name = "gps-cdcl"
  solver-version = 1
