hash: 07869063d77c42a66c5bc7b44762471557e66667b966644e82f2c38ccc264000
updated: 2018-11-02T15:11:05.84127353-04:00
imports:
- name: github.com/cenkalti/hub
  version: 11382a9960d39b0ecda16fd01c424c11ff765a34
- name: github.com/cenkalti/rpc2
  version: 9642ea02d0aad04b8efb5e1a6bbc63daf8d0903d
  subpackages:
  - jsonrpc
- name: github.com/konsorten/go-windows-terminal-sequences
  version: 5c8c8bd35d3832f5d134ae1e1e375b69a4d25242
- name: github.com/serngawy/libovsdb
  version: 1512b48e58033234490885dd2036391ae2fd6c11
- name: github.com/Sirupsen/logrus
  version: 7eeb7b7cbdeb0a582a5b7a1512d91f956f1674aa
- name: golang.org/x/crypto
  version: 4d3f4d9ffa16a13f451c3b2999e9c49e9750bf06
  subpackages:
  - ssh/terminal
- name: golang.org/x/sys
  version: 95c6576299259db960f6c5b9b69ea52422860fce
  subpackages:
  - unix
  - windows
testImports: []
